# THIS IS AN AUTOGENERATED FILE. DO NOT EDIT THIS FILE DIRECTLY.
# yarn lockfile v1


"@formatjs/cli@^6.2.9":
  version "6.2.9"
  resolved "https://registry.yarnpkg.com/@formatjs/cli/-/cli-6.2.9.tgz#b5a07c377a91165feeec964b7097794af89f8cca"
  integrity sha512-YH09kY6oufPdNDIwva/rC7wyg/ptJG6hRZ768eJEafiBR5R1VV1pKFmx106FV5WT7nzBm8Xf4Td+8+Mu+DtQsg==
